// !$*UTF8*$!
{
	archiveVersion = 1;
	classes = {
	};
	objectVersion = 46;
	objects = {

/* Begin PBXBuildFile section */
		BB47214C1E2A2AC5002AF7D7 /* APIModel.swift in Sources */ = {isa = PBXBuildFile; fileRef = BB47214B1E2A2AC5002AF7D7 /* APIModel.swift */; };
		BB47214F1E2A3044002AF7D7 /* Main.storyboard in Resources */ = {isa = PBXBuildFile; fileRef = BB47214D1E2A3044002AF7D7 /* Main.storyboard */; };
		BB4721541E2BD9C4002AF7D7 /* CoreDataStack.swift in Sources */ = {isa = PBXBuildFile; fileRef = BB4721531E2BD9C4002AF7D7 /* CoreDataStack.swift */; };
		BB4721561E2BD9CC002AF7D7 /* CoreDataHelper.swift in Sources */ = {isa = PBXBuildFile; fileRef = BB4721551E2BD9CC002AF7D7 /* CoreDataHelper.swift */; };
		BBAB9B0F1E2CF9CD000DA881 /* Model.xcdatamodeld in Sources */ = {isa = PBXBuildFile; fileRef = BBAB9B0D1E2CF9CD000DA881 /* Model.xcdatamodeld */; };
		BBAB9B161E2CFFB1000DA881 /* RestaurantLocation+CoreDataClass.swift in Sources */ = {isa = PBXBuildFile; fileRef = BBAB9B101E2CFFB1000DA881 /* RestaurantLocation+CoreDataClass.swift */; };
		BBAB9B171E2CFFB1000DA881 /* RestaurantLocation+CoreDataProperties.swift in Sources */ = {isa = PBXBuildFile; fileRef = BBAB9B111E2CFFB1000DA881 /* RestaurantLocation+CoreDataProperties.swift */; };
		BBAB9B181E2CFFB1000DA881 /* UserLocation+CoreDataClass.swift in Sources */ = {isa = PBXBuildFile; fileRef = BBAB9B121E2CFFB1000DA881 /* UserLocation+CoreDataClass.swift */; };
		BBAB9B191E2CFFB1000DA881 /* UserLocation+CoreDataProperties.swift in Sources */ = {isa = PBXBuildFile; fileRef = BBAB9B131E2CFFB1000DA881 /* UserLocation+CoreDataProperties.swift */; };
		BBAB9B1A1E2CFFB1000DA881 /* RestaurantInfo+CoreDataClass.swift in Sources */ = {isa = PBXBuildFile; fileRef = BBAB9B141E2CFFB1000DA881 /* RestaurantInfo+CoreDataClass.swift */; };
		BBAB9B1B1E2CFFB1000DA881 /* RestaurantInfo+CoreDataProperties.swift in Sources */ = {isa = PBXBuildFile; fileRef = BBAB9B151E2CFFB1000DA881 /* RestaurantInfo+CoreDataProperties.swift */; };
		BBAB9B1D1E2D0DB6000DA881 /* HelperAlerts.swift in Sources */ = {isa = PBXBuildFile; fileRef = BBAB9B1C1E2D0DB6000DA881 /* HelperAlerts.swift */; };
		BBDF16411E140AB4009CAD78 /* AppDelegate.swift in Sources */ = {isa = PBXBuildFile; fileRef = BBDF16401E140AB4009CAD78 /* AppDelegate.swift */; };
		BBDF16481E140AB4009CAD78 /* Assets.xcassets in Resources */ = {isa = PBXBuildFile; fileRef = BBDF16471E140AB4009CAD78 /* Assets.xcassets */; };
		BBDF164B1E140AB4009CAD78 /* LaunchScreen.storyboard in Resources */ = {isa = PBXBuildFile; fileRef = BBDF16491E140AB4009CAD78 /* LaunchScreen.storyboard */; };
		BBDF16561E140AB4009CAD78 /* WhatYouCravingTests.swift in Sources */ = {isa = PBXBuildFile; fileRef = BBDF16551E140AB4009CAD78 /* WhatYouCravingTests.swift */; };
		BBDF16611E140AB4009CAD78 /* WhatYouCravingUITests.swift in Sources */ = {isa = PBXBuildFile; fileRef = BBDF16601E140AB4009CAD78 /* WhatYouCravingUITests.swift */; };
		BBDF166F1E14DDA9009CAD78 /* MapViewController.swift in Sources */ = {isa = PBXBuildFile; fileRef = BBDF166E1E14DDA9009CAD78 /* MapViewController.swift */; };
		BBDF16711E14E592009CAD78 /* ListViewController.swift in Sources */ = {isa = PBXBuildFile; fileRef = BBDF16701E14E592009CAD78 /* ListViewController.swift */; };
		BBDF16731E14E5BD009CAD78 /* DetailsViewController.swift in Sources */ = {isa = PBXBuildFile; fileRef = BBDF16721E14E5BD009CAD78 /* DetailsViewController.swift */; };
		BBDF16751E14E682009CAD78 /* CraveViewController.swift in Sources */ = {isa = PBXBuildFile; fileRef = BBDF16741E14E682009CAD78 /* CraveViewController.swift */; };
/* End PBXBuildFile section */

/* Begin PBXContainerItemProxy section */
		BBDF16521E140AB4009CAD78 /* PBXContainerItemProxy */ = {
			isa = PBXContainerItemProxy;
			containerPortal = BBDF16351E140AB4009CAD78 /* Project object */;
			proxyType = 1;
			remoteGlobalIDString = BBDF163C1E140AB4009CAD78;
			remoteInfo = WhatYouCraving;
		};
		BBDF165D1E140AB4009CAD78 /* PBXContainerItemProxy */ = {
			isa = PBXContainerItemProxy;
			containerPortal = BBDF16351E140AB4009CAD78 /* Project object */;
			proxyType = 1;
			remoteGlobalIDString = BBDF163C1E140AB4009CAD78;
			remoteInfo = WhatYouCraving;
		};
/* End PBXContainerItemProxy section */

/* Begin PBXFileReference section */
		BB47214B1E2A2AC5002AF7D7 /* APIModel.swift */ = {isa = PBXFileReference; fileEncoding = 4; lastKnownFileType = sourcecode.swift; path = APIModel.swift; sourceTree = "<group>"; };
		BB47214E1E2A3044002AF7D7 /* Base */ = {isa = PBXFileReference; lastKnownFileType = file.storyboard; name = Base; path = Base.lproj/Main.storyboard; sourceTree = "<group>"; };
		BB4721531E2BD9C4002AF7D7 /* CoreDataStack.swift */ = {isa = PBXFileReference; fileEncoding = 4; lastKnownFileType = sourcecode.swift; path = CoreDataStack.swift; sourceTree = "<group>"; };
		BB4721551E2BD9CC002AF7D7 /* CoreDataHelper.swift */ = {isa = PBXFileReference; fileEncoding = 4; lastKnownFileType = sourcecode.swift; path = CoreDataHelper.swift; sourceTree = "<group>"; };
		BBAB9B0E1E2CF9CD000DA881 /* Model.xcdatamodel */ = {isa = PBXFileReference; lastKnownFileType = wrapper.xcdatamodel; path = Model.xcdatamodel; sourceTree = "<group>"; };
		BBAB9B101E2CFFB1000DA881 /* RestaurantLocation+CoreDataClass.swift */ = {isa = PBXFileReference; fileEncoding = 4; lastKnownFileType = sourcecode.swift; path = "RestaurantLocation+CoreDataClass.swift"; sourceTree = "<group>"; };
		BBAB9B111E2CFFB1000DA881 /* RestaurantLocation+CoreDataProperties.swift */ = {isa = PBXFileReference; fileEncoding = 4; lastKnownFileType = sourcecode.swift; path = "RestaurantLocation+CoreDataProperties.swift"; sourceTree = "<group>"; };
		BBAB9B121E2CFFB1000DA881 /* UserLocation+CoreDataClass.swift */ = {isa = PBXFileReference; fileEncoding = 4; lastKnownFileType = sourcecode.swift; path = "UserLocation+CoreDataClass.swift"; sourceTree = "<group>"; };
		BBAB9B131E2CFFB1000DA881 /* UserLocation+CoreDataProperties.swift */ = {isa = PBXFileReference; fileEncoding = 4; lastKnownFileType = sourcecode.swift; path = "UserLocation+CoreDataProperties.swift"; sourceTree = "<group>"; };
		BBAB9B141E2CFFB1000DA881 /* RestaurantInfo+CoreDataClass.swift */ = {isa = PBXFileReference; fileEncoding = 4; lastKnownFileType = sourcecode.swift; path = "RestaurantInfo+CoreDataClass.swift"; sourceTree = "<group>"; };
		BBAB9B151E2CFFB1000DA881 /* RestaurantInfo+CoreDataProperties.swift */ = {isa = PBXFileReference; fileEncoding = 4; lastKnownFileType = sourcecode.swift; path = "RestaurantInfo+CoreDataProperties.swift"; sourceTree = "<group>"; };
		BBAB9B1C1E2D0DB6000DA881 /* HelperAlerts.swift */ = {isa = PBXFileReference; fileEncoding = 4; lastKnownFileType = sourcecode.swift; path = HelperAlerts.swift; sourceTree = "<group>"; };
		BBDF163D1E140AB4009CAD78 /* WhatYouCraving.app */ = {isa = PBXFileReference; explicitFileType = wrapper.application; includeInIndex = 0; path = WhatYouCraving.app; sourceTree = BUILT_PRODUCTS_DIR; };
		BBDF16401E140AB4009CAD78 /* AppDelegate.swift */ = {isa = PBXFileReference; lastKnownFileType = sourcecode.swift; path = AppDelegate.swift; sourceTree = "<group>"; };
		BBDF16471E140AB4009CAD78 /* Assets.xcassets */ = {isa = PBXFileReference; lastKnownFileType = folder.assetcatalog; path = Assets.xcassets; sourceTree = "<group>"; };
		BBDF164A1E140AB4009CAD78 /* Base */ = {isa = PBXFileReference; lastKnownFileType = file.storyboard; name = Base; path = Base.lproj/LaunchScreen.storyboard; sourceTree = "<group>"; };
		BBDF164C1E140AB4009CAD78 /* Info.plist */ = {isa = PBXFileReference; lastKnownFileType = text.plist.xml; path = Info.plist; sourceTree = "<group>"; };
		BBDF16511E140AB4009CAD78 /* WhatYouCravingTests.xctest */ = {isa = PBXFileReference; explicitFileType = wrapper.cfbundle; includeInIndex = 0; path = WhatYouCravingTests.xctest; sourceTree = BUILT_PRODUCTS_DIR; };
		BBDF16551E140AB4009CAD78 /* WhatYouCravingTests.swift */ = {isa = PBXFileReference; lastKnownFileType = sourcecode.swift; path = WhatYouCravingTests.swift; sourceTree = "<group>"; };
		BBDF16571E140AB4009CAD78 /* Info.plist */ = {isa = PBXFileReference; lastKnownFileType = text.plist.xml; path = Info.plist; sourceTree = "<group>"; };
		BBDF165C1E140AB4009CAD78 /* WhatYouCravingUITests.xctest */ = {isa = PBXFileReference; explicitFileType = wrapper.cfbundle; includeInIndex = 0; path = WhatYouCravingUITests.xctest; sourceTree = BUILT_PRODUCTS_DIR; };
		BBDF16601E140AB4009CAD78 /* WhatYouCravingUITests.swift */ = {isa = PBXFileReference; lastKnownFileType = sourcecode.swift; path = WhatYouCravingUITests.swift; sourceTree = "<group>"; };
		BBDF16621E140AB4009CAD78 /* Info.plist */ = {isa = PBXFileReference; lastKnownFileType = text.plist.xml; path = Info.plist; sourceTree = "<group>"; };
		BBDF166E1E14DDA9009CAD78 /* MapViewController.swift */ = {isa = PBXFileReference; fileEncoding = 4; lastKnownFileType = sourcecode.swift; path = MapViewController.swift; sourceTree = "<group>"; };
		BBDF16701E14E592009CAD78 /* ListViewController.swift */ = {isa = PBXFileReference; fileEncoding = 4; lastKnownFileType = sourcecode.swift; path = ListViewController.swift; sourceTree = "<group>"; };
		BBDF16721E14E5BD009CAD78 /* DetailsViewController.swift */ = {isa = PBXFileReference; fileEncoding = 4; lastKnownFileType = sourcecode.swift; path = DetailsViewController.swift; sourceTree = "<group>"; };
		BBDF16741E14E682009CAD78 /* CraveViewController.swift */ = {isa = PBXFileReference; fileEncoding = 4; lastKnownFileType = sourcecode.swift; name = CraveViewController.swift; path = ../CraveViewController.swift; sourceTree = "<group>"; };
/* End PBXFileReference section */

/* Begin PBXFrameworksBuildPhase section */
		BBDF163A1E140AB4009CAD78 /* Frameworks */ = {
			isa = PBXFrameworksBuildPhase;
			buildActionMask = 2147483647;
			files = (
			);
			runOnlyForDeploymentPostprocessing = 0;
		};
		BBDF164E1E140AB4009CAD78 /* Frameworks */ = {
			isa = PBXFrameworksBuildPhase;
			buildActionMask = 2147483647;
			files = (
			);
			runOnlyForDeploymentPostprocessing = 0;
		};
		BBDF16591E140AB4009CAD78 /* Frameworks */ = {
			isa = PBXFrameworksBuildPhase;
			buildActionMask = 2147483647;
			files = (
			);
			runOnlyForDeploymentPostprocessing = 0;
		};
/* End PBXFrameworksBuildPhase section */

/* Begin PBXGroup section */
		BBDF16341E140AB4009CAD78 = {
			isa = PBXGroup;
			children = (
				BBDF163F1E140AB4009CAD78 /* WhatYouCraving */,
				BBDF16541E140AB4009CAD78 /* WhatYouCravingTests */,
				BBDF165F1E140AB4009CAD78 /* WhatYouCravingUITests */,
				BBDF163E1E140AB4009CAD78 /* Products */,
			);
			sourceTree = "<group>";
		};
		BBDF163E1E140AB4009CAD78 /* Products */ = {
			isa = PBXGroup;
			children = (
				BBDF163D1E140AB4009CAD78 /* WhatYouCraving.app */,
				BBDF16511E140AB4009CAD78 /* WhatYouCravingTests.xctest */,
				BBDF165C1E140AB4009CAD78 /* WhatYouCravingUITests.xctest */,
			);
			name = Products;
			sourceTree = "<group>";
		};
		BBDF163F1E140AB4009CAD78 /* WhatYouCraving */ = {
			isa = PBXGroup;
			children = (
				BBAB9B101E2CFFB1000DA881 /* RestaurantLocation+CoreDataClass.swift */,
				BBAB9B111E2CFFB1000DA881 /* RestaurantLocation+CoreDataProperties.swift */,
				BBAB9B121E2CFFB1000DA881 /* UserLocation+CoreDataClass.swift */,
				BBAB9B131E2CFFB1000DA881 /* UserLocation+CoreDataProperties.swift */,
				BBAB9B141E2CFFB1000DA881 /* RestaurantInfo+CoreDataClass.swift */,
				BBAB9B151E2CFFB1000DA881 /* RestaurantInfo+CoreDataProperties.swift */,
				BBAB9B0D1E2CF9CD000DA881 /* Model.xcdatamodeld */,
				BBDF16741E14E682009CAD78 /* CraveViewController.swift */,
				BBAB9B1C1E2D0DB6000DA881 /* HelperAlerts.swift */,
				BBDF16401E140AB4009CAD78 /* AppDelegate.swift */,
				BB47214B1E2A2AC5002AF7D7 /* APIModel.swift */,
				BBDF166E1E14DDA9009CAD78 /* MapViewController.swift */,
				BB4721551E2BD9CC002AF7D7 /* CoreDataHelper.swift */,
				BB4721531E2BD9C4002AF7D7 /* CoreDataStack.swift */,
				BBDF16701E14E592009CAD78 /* ListViewController.swift */,
				BB47214D1E2A3044002AF7D7 /* Main.storyboard */,
				BBDF16721E14E5BD009CAD78 /* DetailsViewController.swift */,
				BBDF16471E140AB4009CAD78 /* Assets.xcassets */,
				BBDF16491E140AB4009CAD78 /* LaunchScreen.storyboard */,
				BBDF164C1E140AB4009CAD78 /* Info.plist */,
			);
			path = WhatYouCraving;
			sourceTree = "<group>";
		};
		BBDF16541E140AB4009CAD78 /* WhatYouCravingTests */ = {
			isa = PBXGroup;
			children = (
				BBDF16551E140AB4009CAD78 /* WhatYouCravingTests.swift */,
				BBDF16571E140AB4009CAD78 /* Info.plist */,
			);
			path = WhatYouCravingTests;
			sourceTree = "<group>";
		};
		BBDF165F1E140AB4009CAD78 /* WhatYouCravingUITests */ = {
			isa = PBXGroup;
			children = (
				BBDF16601E140AB4009CAD78 /* WhatYouCravingUITests.swift */,
				BBDF16621E140AB4009CAD78 /* Info.plist */,
			);
			path = WhatYouCravingUITests;
			sourceTree = "<group>";
		};
/* End PBXGroup section */

/* Begin PBXNativeTarget section */
		BBDF163C1E140AB4009CAD78 /* WhatYouCraving */ = {
			isa = PBXNativeTarget;
			buildConfigurationList = BBDF16651E140AB4009CAD78 /* Build configuration list for PBXNativeTarget "WhatYouCraving" */;
			buildPhases = (
				BBDF16391E140AB4009CAD78 /* Sources */,
				BBDF163A1E140AB4009CAD78 /* Frameworks */,
				BBDF163B1E140AB4009CAD78 /* Resources */,
			);
			buildRules = (
			);
			dependencies = (
			);
			name = WhatYouCraving;
			productName = WhatYouCraving;
			productReference = BBDF163D1E140AB4009CAD78 /* WhatYouCraving.app */;
			productType = "com.apple.product-type.application";
		};
		BBDF16501E140AB4009CAD78 /* WhatYouCravingTests */ = {
			isa = PBXNativeTarget;
			buildConfigurationList = BBDF16681E140AB4009CAD78 /* Build configuration list for PBXNativeTarget "WhatYouCravingTests" */;
			buildPhases = (
				BBDF164D1E140AB4009CAD78 /* Sources */,
				BBDF164E1E140AB4009CAD78 /* Frameworks */,
				BBDF164F1E140AB4009CAD78 /* Resources */,
			);
			buildRules = (
			);
			dependencies = (
				BBDF16531E140AB4009CAD78 /* PBXTargetDependency */,
			);
			name = WhatYouCravingTests;
			productName = WhatYouCravingTests;
			productReference = BBDF16511E140AB4009CAD78 /* WhatYouCravingTests.xctest */;
			productType = "com.apple.product-type.bundle.unit-test";
		};
		BBDF165B1E140AB4009CAD78 /* WhatYouCravingUITests */ = {
			isa = PBXNativeTarget;
			buildConfigurationList = BBDF166B1E140AB4009CAD78 /* Build configuration list for PBXNativeTarget "WhatYouCravingUITests" */;
			buildPhases = (
				BBDF16581E140AB4009CAD78 /* Sources */,
				BBDF16591E140AB4009CAD78 /* Frameworks */,
				BBDF165A1E140AB4009CAD78 /* Resources */,
			);
			buildRules = (
			);
			dependencies = (
				BBDF165E1E140AB4009CAD78 /* PBXTargetDependency */,
			);
			name = WhatYouCravingUITests;
			productName = WhatYouCravingUITests;
			productReference = BBDF165C1E140AB4009CAD78 /* WhatYouCravingUITests.xctest */;
			productType = "com.apple.product-type.bundle.ui-testing";
		};
/* End PBXNativeTarget section */

/* Begin PBXProject section */
		BBDF16351E140AB4009CAD78 /* Project object */ = {
			isa = PBXProject;
			attributes = {
				LastSwiftUpdateCheck = 0810;
				LastUpgradeCheck = 0810;
				ORGANIZATIONNAME = MCreations;
				TargetAttributes = {
					BBDF163C1E140AB4009CAD78 = {
						CreatedOnToolsVersion = 8.1;
						DevelopmentTeam = J5VXE76EPL;
						ProvisioningStyle = Automatic;
					};
					BBDF16501E140AB4009CAD78 = {
						CreatedOnToolsVersion = 8.1;
						DevelopmentTeam = J5VXE76EPL;
						ProvisioningStyle = Automatic;
						TestTargetID = BBDF163C1E140AB4009CAD78;
					};
					BBDF165B1E140AB4009CAD78 = {
						CreatedOnToolsVersion = 8.1;
						DevelopmentTeam = J5VXE76EPL;
						ProvisioningStyle = Automatic;
						TestTargetID = BBDF163C1E140AB4009CAD78;
					};
				};
			};
			buildConfigurationList = BBDF16381E140AB4009CAD78 /* Build configuration list for PBXProject "WhatYouCraving" */;
			compatibilityVersion = "Xcode 3.2";
			developmentRegion = English;
			hasScannedForEncodings = 0;
			knownRegions = (
				en,
				Base,
			);
			mainGroup = BBDF16341E140AB4009CAD78;
			productRefGroup = BBDF163E1E140AB4009CAD78 /* Products */;
			projectDirPath = "";
			projectRoot = "";
			targets = (
				BBDF163C1E140AB4009CAD78 /* WhatYouCraving */,
				BBDF16501E140AB4009CAD78 /* WhatYouCravingTests */,
				BBDF165B1E140AB4009CAD78 /* WhatYouCravingUITests */,
			);
		};
/* End PBXProject section */

/* Begin PBXResourcesBuildPhase section */
		BBDF163B1E140AB4009CAD78 /* Resources */ = {
			isa = PBXResourcesBuildPhase;
			buildActionMask = 2147483647;
			files = (
				BB47214F1E2A3044002AF7D7 /* Main.storyboard in Resources */,
				BBDF164B1E140AB4009CAD78 /* LaunchScreen.storyboard in Resources */,
				BBDF16481E140AB4009CAD78 /* Assets.xcassets in Resources */,
			);
			runOnlyForDeploymentPostprocessing = 0;
		};
		BBDF164F1E140AB4009CAD78 /* Resources */ = {
			isa = PBXResourcesBuildPhase;
			buildActionMask = 2147483647;
			files = (
			);
			runOnlyForDeploymentPostprocessing = 0;
		};
		BBDF165A1E140AB4009CAD78 /* Resources */ = {
			isa = PBXResourcesBuildPhase;
			buildActionMask = 2147483647;
			files = (
			);
			runOnlyForDeploymentPostprocessing = 0;
		};
/* End PBXResourcesBuildPhase section */

/* Begin PBXSourcesBuildPhase section */
		BBDF16391E140AB4009CAD78 /* Sources */ = {
			isa = PBXSourcesBuildPhase;
			buildActionMask = 2147483647;
			files = (
				BBDF166F1E14DDA9009CAD78 /* MapViewController.swift in Sources */,
				BBAB9B171E2CFFB1000DA881 /* RestaurantLocation+CoreDataProperties.swift in Sources */,
				BBAB9B161E2CFFB1000DA881 /* RestaurantLocation+CoreDataClass.swift in Sources */,
				BBDF16711E14E592009CAD78 /* ListViewController.swift in Sources */,
				BBAB9B1A1E2CFFB1000DA881 /* RestaurantInfo+CoreDataClass.swift in Sources */,
				BBAB9B0F1E2CF9CD000DA881 /* Model.xcdatamodeld in Sources */,
				BBDF16411E140AB4009CAD78 /* AppDelegate.swift in Sources */,
				BBAB9B181E2CFFB1000DA881 /* UserLocation+CoreDataClass.swift in Sources */,
				BBDF16731E14E5BD009CAD78 /* DetailsViewController.swift in Sources */,
				BB47214C1E2A2AC5002AF7D7 /* APIModel.swift in Sources */,
				BBAB9B1B1E2CFFB1000DA881 /* RestaurantInfo+CoreDataProperties.swift in Sources */,
				BBAB9B191E2CFFB1000DA881 /* UserLocation+CoreDataProperties.swift in Sources */,
				BBAB9B1D1E2D0DB6000DA881 /* HelperAlerts.swift in Sources */,
				BB4721561E2BD9CC002AF7D7 /* CoreDataHelper.swift in Sources */,
				BBDF16751E14E682009CAD78 /* CraveViewController.swift in Sources */,
				BB4721541E2BD9C4002AF7D7 /* CoreDataStack.swift in Sources */,
			);
			runOnlyForDeploymentPostprocessing = 0;
		};
		BBDF164D1E140AB4009CAD78 /* Sources */ = {
			isa = PBXSourcesBuildPhase;
			buildActionMask = 2147483647;
			files = (
				BBDF16561E140AB4009CAD78 /* WhatYouCravingTests.swift in Sources */,
			);
			runOnlyForDeploymentPostprocessing = 0;
		};
		BBDF16581E140AB4009CAD78 /* Sources */ = {
			isa = PBXSourcesBuildPhase;
			buildActionMask = 2147483647;
			files = (
				BBDF16611E140AB4009CAD78 /* WhatYouCravingUITests.swift in Sources */,
			);
			runOnlyForDeploymentPostprocessing = 0;
		};
/* End PBXSourcesBuildPhase section */

/* Begin PBXTargetDependency section */
		BBDF16531E140AB4009CAD78 /* PBXTargetDependency */ = {
			isa = PBXTargetDependency;
			target = BBDF163C1E140AB4009CAD78 /* WhatYouCraving */;
			targetProxy = BBDF16521E140AB4009CAD78 /* PBXContainerItemProxy */;
		};
		BBDF165E1E140AB4009CAD78 /* PBXTargetDependency */ = {
			isa = PBXTargetDependency;
			target = BBDF163C1E140AB4009CAD78 /* WhatYouCraving */;
			targetProxy = BBDF165D1E140AB4009CAD78 /* PBXContainerItemProxy */;
		};
/* End PBXTargetDependency section */

/* Begin PBXVariantGroup section */
		BB47214D1E2A3044002AF7D7 /* Main.storyboard */ = {
			isa = PBXVariantGroup;
			children = (
				BB47214E1E2A3044002AF7D7 /* Base */,
			);
			name = Main.storyboard;
			sourceTree = "<group>";
		};
		BBDF16491E140AB4009CAD78 /* LaunchScreen.storyboard */ = {
			isa = PBXVariantGroup;
			children = (
				BBDF164A1E140AB4009CAD78 /* Base */,
			);
			name = LaunchScreen.storyboard;
			sourceTree = "<group>";
		};
/* End PBXVariantGroup section */

/* Begin XCBuildConfiguration section */
		BBDF16631E140AB4009CAD78 /* Debug */ = {
			isa = XCBuildConfiguration;
			buildSettings = {
				ALWAYS_SEARCH_USER_PATHS = NO;
				CLANG_ANALYZER_NONNULL = YES;
				CLANG_CXX_LANGUAGE_STANDARD = "gnu++0x";
				CLANG_CXX_LIBRARY = "libc++";
				CLANG_ENABLE_MODULES = YES;
				CLANG_ENABLE_OBJC_ARC = YES;
				CLANG_WARN_BOOL_CONVERSION = YES;
				CLANG_WARN_CONSTANT_CONVERSION = YES;
				CLANG_WARN_DIRECT_OBJC_ISA_USAGE = YES_ERROR;
				CLANG_WARN_DOCUMENTATION_COMMENTS = YES;
				CLANG_WARN_EMPTY_BODY = YES;
				CLANG_WARN_ENUM_CONVERSION = YES;
				CLANG_WARN_INFINITE_RECURSION = YES;
				CLANG_WARN_INT_CONVERSION = YES;
				CLANG_WARN_OBJC_ROOT_CLASS = YES_ERROR;
				CLANG_WARN_SUSPICIOUS_MOVES = YES;
				CLANG_WARN_UNREACHABLE_CODE = YES;
				CLANG_WARN__DUPLICATE_METHOD_MATCH = YES;
				"CODE_SIGN_IDENTITY[sdk=iphoneos*]" = "iPhone Developer";
				COPY_PHASE_STRIP = NO;
				DEBUG_INFORMATION_FORMAT = dwarf;
				ENABLE_STRICT_OBJC_MSGSEND = YES;
				ENABLE_TESTABILITY = YES;
				GCC_C_LANGUAGE_STANDARD = gnu99;
				GCC_DYNAMIC_NO_PIC = NO;
				GCC_NO_COMMON_BLOCKS = YES;
				GCC_OPTIMIZATION_LEVEL = 0;
				GCC_PREPROCESSOR_DEFINITIONS = (
					"DEBUG=1",
					"$(inherited)",
				);
				GCC_WARN_64_TO_32_BIT_CONVERSION = YES;
				GCC_WARN_ABOUT_RETURN_TYPE = YES_ERROR;
				GCC_WARN_UNDECLARED_SELECTOR = YES;
				GCC_WARN_UNINITIALIZED_AUTOS = YES_AGGRESSIVE;
				GCC_WARN_UNUSED_FUNCTION = YES;
				GCC_WARN_UNUSED_VARIABLE = YES;
				IPHONEOS_DEPLOYMENT_TARGET = 10.1;
				MTL_ENABLE_DEBUG_INFO = YES;
				ONLY_ACTIVE_ARCH = YES;
				SDKROOT = iphoneos;
				SWIFT_ACTIVE_COMPILATION_CONDITIONS = DEBUG;
				SWIFT_OPTIMIZATION_LEVEL = "-Onone";
				TARGETED_DEVICE_FAMILY = "1,2";
			};
			name = Debug;
		};
		BBDF16641E140AB4009CAD78 /* Release */ = {
			isa = XCBuildConfiguration;
			buildSettings = {
				ALWAYS_SEARCH_USER_PATHS = NO;
				CLANG_ANALYZER_NONNULL = YES;
				CLANG_CXX_LANGUAGE_STANDARD = "gnu++0x";
				CLANG_CXX_LIBRARY = "libc++";
				CLANG_ENABLE_MODULES = YES;
				CLANG_ENABLE_OBJC_ARC = YES;
				CLANG_WARN_BOOL_CONVERSION = YES;
				CLANG_WARN_CONSTANT_CONVERSION = YES;
				CLANG_WARN_DIRECT_OBJC_ISA_USAGE = YES_ERROR;
				CLANG_WARN_DOCUMENTATION_COMMENTS = YES;
				CLANG_WARN_EMPTY_BODY = YES;
				CLANG_WARN_ENUM_CONVERSION = YES;
				CLANG_WARN_INFINITE_RECURSION = YES;
				CLANG_WARN_INT_CONVERSION = YES;
				CLANG_WARN_OBJC_ROOT_CLASS = YES_ERROR;
				CLANG_WARN_SUSPICIOUS_MOVES = YES;
				CLANG_WARN_UNREACHABLE_CODE = YES;
				CLANG_WARN__DUPLICATE_METHOD_MATCH = YES;
				"CODE_SIGN_IDENTITY[sdk=iphoneos*]" = "iPhone Developer";
				COPY_PHASE_STRIP = NO;
				DEBUG_INFORMATION_FORMAT = "dwarf-with-dsym";
				ENABLE_NS_ASSERTIONS = NO;
				ENABLE_STRICT_OBJC_MSGSEND = YES;
				GCC_C_LANGUAGE_STANDARD = gnu99;
				GCC_NO_COMMON_BLOCKS = YES;
				GCC_WARN_64_TO_32_BIT_CONVERSION = YES;
				GCC_WARN_ABOUT_RETURN_TYPE = YES_ERROR;
				GCC_WARN_UNDECLARED_SELECTOR = YES;
				GCC_WARN_UNINITIALIZED_AUTOS = YES_AGGRESSIVE;
				GCC_WARN_UNUSED_FUNCTION = YES;
				GCC_WARN_UNUSED_VARIABLE = YES;
				IPHONEOS_DEPLOYMENT_TARGET = 10.1;
				MTL_ENABLE_DEBUG_INFO = NO;
				SDKROOT = iphoneos;
				SWIFT_OPTIMIZATION_LEVEL = "-Owholemodule";
				TARGETED_DEVICE_FAMILY = "1,2";
				VALIDATE_PRODUCT = YES;
			};
			name = Release;
		};
		BBDF16661E140AB4009CAD78 /* Debug */ = {
			isa = XCBuildConfiguration;
			buildSettings = {
				ASSETCATALOG_COMPILER_APPICON_NAME = AppIcon;
				DEVELOPMENT_TEAM = J5VXE76EPL;
				INFOPLIST_FILE = WhatYouCraving/Info.plist;
				LD_RUNPATH_SEARCH_PATHS = "$(inherited) @executable_path/Frameworks";
				PRODUCT_BUNDLE_IDENTIFIER = MCreations.WhatYouCraving;
				PRODUCT_NAME = "$(TARGET_NAME)";
				SWIFT_VERSION = 3.0;
			};
			name = Debug;
		};
		BBDF16671E140AB4009CAD78 /* Release */ = {
			isa = XCBuildConfiguration;
			buildSettings = {
				ASSETCATALOG_COMPILER_APPICON_NAME = AppIcon;
				DEVELOPMENT_TEAM = J5VXE76EPL;
				GCC_OPTIMIZATION_LEVEL = 0;
				INFOPLIST_FILE = WhatYouCraving/Info.plist;
				LD_RUNPATH_SEARCH_PATHS = "$(inherited) @executable_path/Frameworks";
				PRODUCT_BUNDLE_IDENTIFIER = MCreations.WhatYouCraving;
				PRODUCT_NAME = "$(TARGET_NAME)";
				SWIFT_VERSION = 3.0;
			};
			name = Release;
		};
		BBDF16691E140AB4009CAD78 /* Debug */ = {
			isa = XCBuildConfiguration;
			buildSettings = {
				ALWAYS_EMBED_SWIFT_STANDARD_LIBRARIES = YES;
				BUNDLE_LOADER = "$(TEST_HOST)";
				DEVELOPMENT_TEAM = J5VXE76EPL;
				INFOPLIST_FILE = WhatYouCravingTests/Info.plist;
				LD_RUNPATH_SEARCH_PATHS = "$(inherited) @executable_path/Frameworks @loader_path/Frameworks";
				PRODUCT_BUNDLE_IDENTIFIER = MCreations.WhatYouCravingTests;
				PRODUCT_NAME = "$(TARGET_NAME)";
				SWIFT_VERSION = 3.0;
				TEST_HOST = "$(BUILT_PRODUCTS_DIR)/WhatYouCraving.app/WhatYouCraving";
			};
			name = Debug;
		};
		BBDF166A1E140AB4009CAD78 /* Release */ = {
			isa = XCBuildConfiguration;
			buildSettings = {
				ALWAYS_EMBED_SWIFT_STANDARD_LIBRARIES = YES;
				BUNDLE_LOADER = "$(TEST_HOST)";
				DEVELOPMENT_TEAM = J5VXE76EPL;
				INFOPLIST_FILE = WhatYouCravingTests/Info.plist;
				LD_RUNPATH_SEARCH_PATHS = "$(inherited) @executable_path/Frameworks @loader_path/Frameworks";
				PRODUCT_BUNDLE_IDENTIFIER = MCreations.WhatYouCravingTests;
				PRODUCT_NAME = "$(TARGET_NAME)";
				SWIFT_VERSION = 3.0;
				TEST_HOST = "$(BUILT_PRODUCTS_DIR)/WhatYouCraving.app/WhatYouCraving";
			};
			name = Release;
		};
		BBDF166C1E140AB4009CAD78 /* Debug */ = {
			isa = XCBuildConfiguration;
			buildSettings = {
				ALWAYS_EMBED_SWIFT_STANDARD_LIBRARIES = YES;
				DEVELOPMENT_TEAM = J5VXE76EPL;
				INFOPLIST_FILE = WhatYouCravingUITests/Info.plist;
				LD_RUNPATH_SEARCH_PATHS = "$(inherited) @executable_path/Frameworks @loader_path/Frameworks";
				PRODUCT_BUNDLE_IDENTIFIER = MCreations.WhatYouCravingUITests;
				PRODUCT_NAME = "$(TARGET_NAME)";
				SWIFT_VERSION = 3.0;
				TEST_TARGET_NAME = WhatYouCraving;
			};
			name = Debug;
		};
		BBDF166D1E140AB4009CAD78 /* Release */ = {
			isa = XCBuildConfiguration;
			buildSettings = {
				ALWAYS_EMBED_SWIFT_STANDARD_LIBRARIES = YES;
				DEVELOPMENT_TEAM = J5VXE76EPL;
				INFOPLIST_FILE = WhatYouCravingUITests/Info.plist;
				LD_RUNPATH_SEARCH_PATHS = "$(inherited) @executable_path/Frameworks @loader_path/Frameworks";
				PRODUCT_BUNDLE_IDENTIFIER = MCreations.WhatYouCravingUITests;
				PRODUCT_NAME = "$(TARGET_NAME)";
				SWIFT_VERSION = 3.0;
				TEST_TARGET_NAME = WhatYouCraving;
			};
			name = Release;
		};
/* End XCBuildConfiguration section */

/* Begin XCConfigurationList section */
		BBDF16381E140AB4009CAD78 /* Build configuration list for PBXProject "WhatYouCraving" */ = {
			isa = XCConfigurationList;
			buildConfigurations = (
				BBDF16631E140AB4009CAD78 /* Debug */,
				BBDF16641E140AB4009CAD78 /* Release */,
			);
			defaultConfigurationIsVisible = 0;
			defaultConfigurationName = Release;
		};
		BBDF16651E140AB4009CAD78 /* Build configuration list for PBXNativeTarget "WhatYouCraving" */ = {
			isa = XCConfigurationList;
			buildConfigurations = (
				BBDF16661E140AB4009CAD78 /* Debug */,
				BBDF16671E140AB4009CAD78 /* Release */,
			);
			defaultConfigurationIsVisible = 0;
			defaultConfigurationName = Release;
		};
		BBDF16681E140AB4009CAD78 /* Build configuration list for PBXNativeTarget "WhatYouCravingTests" */ = {
			isa = XCConfigurationList;
			buildConfigurations = (
				BBDF16691E140AB4009CAD78 /* Debug */,
				BBDF166A1E140AB4009CAD78 /* Release */,
			);
			defaultConfigurationIsVisible = 0;
			defaultConfigurationName = Release;
		};
		BBDF166B1E140AB4009CAD78 /* Build configuration list for PBXNativeTarget "WhatYouCravingUITests" */ = {
			isa = XCConfigurationList;
			buildConfigurations = (
				BBDF166C1E140AB4009CAD78 /* Debug */,
				BBDF166D1E140AB4009CAD78 /* Release */,
			);
			defaultConfigurationIsVisible = 0;
			defaultConfigurationName = Release;
		};
/* End XCConfigurationList section */

/* Begin XCVersionGroup section */
		BBAB9B0D1E2CF9CD000DA881 /* Model.xcdatamodeld */ = {
			isa = XCVersionGroup;
			children = (
				BBAB9B0E1E2CF9CD000DA881 /* Model.xcdatamodel */,
			);
			currentVersion = BBAB9B0E1E2CF9CD000DA881 /* Model.xcdatamodel */;
			name = Model.xcdatamodeld;
			path = ../Model.xcdatamodeld;
			sourceTree = "<group>";
			versionGroupType = wrapper.xcdatamodel;
		};
/* End XCVersionGroup section */
	};
	rootObject = BBDF16351E140AB4009CAD78 /* Project object */;
}
